Microsoft Visual Studio Solution File, Format Version 12.00
# Visual Studio Version 17
VisualStudioVersion = 17.5.2.0
MinimumVisualStudioVersion = 10.0.40219.1
Project("{FAE04EC0-301F-11D3-BF4B-00C04F79EFBC}") = "Savorly.API", "Savorly.API\Savorly.API.csproj", "{9A687721-F3B0-69A3-A256-0E5A1F13D257}"
EndProject
Global
	GlobalSection(SolutionConfigurationPlatforms) = preSolution
		Debug|Any CPU = Debug|Any CPU
		Release|Any CPU = Release|Any CPU
	EndGlobalSection
	GlobalSection(ProjectConfigurationPlatforms) = postSolution
		{9A687721-F3B0-69A3-A256-0E5A1F13D257}.Debug|Any CPU.ActiveCfg = Debug|Any CPU
		{9A687721-F3B0-69A3-A256-0E5A1F13D257}.Debug|Any CPU.Build.0 = Debug|Any CPU
		{9A687721-F3B0-69A3-A256-0E5A1F13D257}.Release|Any CPU.ActiveCfg = Release|Any CPU
		{9A687721-F3B0-69A3-A256-0E5A1F13D257}.Release|Any CPU.Build.0 = Release|Any CPU
	EndGlobalSection
	GlobalSection(SolutionProperties) = preSolution
		HideSolutionNode = FALSE
	EndGlobalSection
	GlobalSection(ExtensibilityGlobals) = postSolution
		SolutionGuid = {F6330208-59D4-4772-AA4A-1156572387EA}
	EndGlobalSection
EndGlobal
